hash: 02e1753f2d0aad4733fde89d54667b36075e8bd85bb3798ffafbac301ba77f7f
updated: 2017-07-10T14:09:18.742581009-04:00
imports:
- name: github.com/asaskevich/govalidator
  version: aa5cce4a76edb1a5acecab1870c17abbffb5419e
- name: github.com/davecgh/go-spew
  version: 5215b55f46b2b919f50a1df0eaa5886afe4e3b3d
  subpackages:
  - spew
- name: github.com/docker/distribution
  version: cd27f179f2c10c5d300e6d09025b538c475b0d51
  subpackages:
  - digest
  - reference
- name: github.com/emicklei/go-restful
  version: 858e58f98abd32bc4d164a08e8d7ac169ae876e2
  subpackages:
  - log
  - swagger
- name: github.com/evanphx/json-patch
  version: ba18e35c5c1b36ef6334cad706eb681153d2d379
- name: github.com/ghodss/yaml
  version: 73d445a93680fa1a78ae23a5839bad48f32ba1ee
- name: github.com/go-kit/kit
  version: fe6fe28ba0d54b39f27e79cddba4911b7e4fffc7
  subpackages:
  - endpoint
  - log
  - transport/http
- name: github.com/go-logfmt/logfmt
  version: 390ab7935ee28ec6b286364bba9b4dd6410cb3d5
- name: github.com/go-openapi/jsonpointer
  version: 46af16f9f7b149af66e5d1bd010e3574dc06de98
- name: github.com/go-openapi/jsonreference
  version: 13c6e3589ad90f49bd3e3bbe2c2cb3d7a4142272
- name: github.com/go-openapi/spec
  version: 6aced65f8501fe1217321abf0749d354824ba2ff
- name: github.com/go-openapi/swag
  version: 1d0bd113de87027671077d3c71eb3ac5d7dbba72
- name: github.com/go-stack/stack
  version: 7a2f19628aabfe68f0766b59e74d6315f8347d22
- name: github.com/gogo/protobuf
  version: e18d7aa8f8c624c915db340349aad4c49b10d173
  subpackages:
  - proto
  - sortkeys
- name: github.com/golang/glog
  version: 44145f04b68cf362d9c4df2182967c2275eaefed
- name: github.com/golang/groupcache
  version: 02826c3e79038b59d737d3b1c0a1d937f71a4433
  subpackages:
  - lru
- name: github.com/golang/mock
  version: 93f6609a15b7de76bd49259f1f9a6b58df358936
  subpackages:
  - gomock
- name: github.com/golang/protobuf
  version: 8616e8ee5e20a1704615e6c8d7afcdac06087a67
  subpackages:
  - proto
- name: github.com/google/gofuzz
  version: 44d81051d367757e1c7c6a5a86423ece9afcf63c
- name: github.com/gorilla/websocket
  version: 462d5c5828f6203e4047c47be2920315937be380
- name: github.com/howeyc/gopass
  version: 3ca23474a7c7203e0a0a070fd33508f6efdb9b3d
- name: github.com/imdario/mergo
  version: 6633656539c1639d9d78127b7d47c622b5d7b6dc
- name: github.com/jeevatkm/go-model
  version: 00bcf69e10573c4ba261c9842194d07e6d4b50e9
- name: github.com/juju/ratelimit
  version: 77ed1c8a01217656d2080ad51981f6e99adaa177
- name: github.com/kr/logfmt
  version: b84e30acd515aadc4b783ad4ff83aff3299bdfe0
- name: github.com/libvirt/libvirt-go
  version: 664b6d217e029ce5ad3094a8c2202c202b213d06
- name: github.com/mailru/easyjson
  version: d5b7844b561a7bc640052f1b935f7b800330d7e0
  subpackages:
  - buffer
  - jlexer
  - jwriter
- name: github.com/onsi/ginkgo
  version: 1e72798a2620664d2ab32ffd4473c102fcd4894d
  subpackages:
  - config
  - extensions/table
  - internal/codelocation
  - internal/containernode
  - internal/failer
  - internal/leafnodes
  - internal/remote
  - internal/spec
  - internal/spec_iterator
  - internal/specrunner
  - internal/suite
  - internal/testingtproxy
  - internal/writer
  - reporters
  - reporters/stenographer
  - reporters/stenographer/support/go-colorable
  - reporters/stenographer/support/go-isatty
  - types
- name: github.com/onsi/gomega
  version: c990b8b3a34c8814a6657daebe8e19ff4d9647a1
  subpackages:
  - format
  - ghttp
  - internal/assertion
  - internal/asyncassertion
  - internal/oraclematcher
  - internal/testingtsupport
  - matchers
  - matchers/support/goraph/bipartitegraph
  - matchers/support/goraph/edge
  - matchers/support/goraph/node
  - matchers/support/goraph/util
  - types
- name: github.com/pborman/uuid
  version: ca53cad383cad2479bbba7f7a1a05797ec1386e4
- name: github.com/PuerkitoBio/purell
  version: 8a290539e2e8629dbc4e6bad948158f790ec31f4
- name: github.com/PuerkitoBio/urlesc
  version: 5bd2802263f21d8788851d5305584c82a5c75d7e
- name: github.com/satori/go.uuid
  version: 5bf94b69c6b68ee1b541973bb8e1144db23a194b
- name: github.com/spf13/pflag
  version: 9ff6c6923cfffbcd502984b8e0c80539a94968b7
- name: github.com/ugorji/go
  version: ded73eae5db7e7a0ef6f55aace87a2873c5d2b74
  subpackages:
  - codec
- name: golang.org/x/crypto
  version: d172538b2cfce0c13cee31e647d0367aa8cd2486
  subpackages:
  - ssh/terminal
- name: golang.org/x/net
  version: 054b33e6527139ad5b1ec2f6232c3b175bd9a30c
  subpackages:
  - context
  - context/ctxhttp
  - html
  - html/atom
  - html/charset
  - http2
  - http2/hpack
  - idna
  - internal/socket
  - lex/httplex
- name: golang.org/x/sys
  version: 8f0908ab3b2457e2e15403d3697c9ef5cb4b57a9
  subpackages:
  - unix
- name: golang.org/x/text
  version: 2910a502d2bf9e43193af9d68ca516529614eed3
  subpackages:
  - cases
  - encoding
  - encoding/charmap
  - encoding/htmlindex
  - encoding/internal
  - encoding/internal/identifier
  - encoding/japanese
  - encoding/korean
  - encoding/simplifiedchinese
  - encoding/traditionalchinese
  - encoding/unicode
  - internal/tag
  - internal/utf8internal
  - language
  - runes
  - secure/bidirule
  - secure/precis
  - transform
  - unicode/bidi
  - unicode/norm
  - width
- name: google.golang.org/grpc
  version: d3ddb4469d5a1b949fc7a7da7c1d6a0d1b6de994
  subpackages:
  - grpclb/grpc_lb_v1
  - keepalive
  - metadata
  - stats
  - status
  - tap
- name: gopkg.in/inf.v0
  version: 3887ee99ecf07df5b447e9b00d9c0b2adaa9f3e4
- name: gopkg.in/ini.v1
  version: d3de07a94d22b4a0972deb4b96d790c2c0ce8333
- name: gopkg.in/yaml.v2
  version: 53feefa2559fb8dfa8d81baad31be332c97d6c77
- name: k8s.io/apimachinery
  version: 75b8dd260ef0469d96d578705a87cffd0e09dab8
  subpackages:
  - pkg/api/errors
  - pkg/api/meta
  - pkg/api/resource
  - pkg/apimachinery
  - pkg/apimachinery/announced
  - pkg/apimachinery/registered
  - pkg/apis/meta/v1
  - pkg/apis/meta/v1/unstructured
  - pkg/conversion
  - pkg/conversion/queryparams
  - pkg/fields
  - pkg/labels
  - pkg/openapi
  - pkg/runtime
  - pkg/runtime/schema
  - pkg/runtime/serializer
  - pkg/runtime/serializer/json
  - pkg/runtime/serializer/protobuf
  - pkg/runtime/serializer/recognizer
  - pkg/runtime/serializer/streaming
  - pkg/runtime/serializer/versioning
  - pkg/selection
  - pkg/types
  - pkg/util/diff
  - pkg/util/errors
  - pkg/util/framer
  - pkg/util/intstr
  - pkg/util/json
  - pkg/util/mergepatch
  - pkg/util/net
  - pkg/util/rand
  - pkg/util/runtime
  - pkg/util/sets
  - pkg/util/strategicpatch
  - pkg/util/uuid
  - pkg/util/validation
  - pkg/util/validation/field
  - pkg/util/wait
  - pkg/util/yaml
  - pkg/version
  - pkg/watch
  - third_party/forked/golang/json
  - third_party/forked/golang/reflect
- name: k8s.io/client-go
  version: 3627aeb7d4f6ade38f995d2c923e459146493c7e
  subpackages:
  - discovery
  - discovery/fake
  - examples/third-party-resources-deprecated/apis/tpr/v1
  - examples/third-party-resources-deprecated/client
  - examples/third-party-resources-deprecated/controller
  - informers/admissionregistration
  - informers/admissionregistration/v1alpha1
  - informers/apps
  - informers/apps/v1beta1
  - informers/autoscaling
  - informers/autoscaling/v1
  - informers/autoscaling/v2alpha1
  - informers/batch
  - informers/batch/v1
  - informers/batch/v2alpha1
  - informers/certificates
  - informers/certificates/v1beta1
  - informers/core
  - informers/core/v1
  - informers/extensions
  - informers/extensions/v1beta1
  - informers/internalinterfaces
  - informers/networking
  - informers/networking/v1
  - informers/policy
  - informers/policy/v1beta1
  - informers/rbac
  - informers/rbac/v1alpha1
  - informers/rbac/v1beta1
  - informers/settings
  - informers/settings/v1alpha1
  - informers/storage
  - informers/storage/v1
  - informers/storage/v1beta1
  - kubernetes
  - kubernetes/fake
  - kubernetes/scheme
  - kubernetes/typed/admissionregistration/v1alpha1
  - kubernetes/typed/admissionregistration/v1alpha1/fake
  - kubernetes/typed/apps/v1beta1
  - kubernetes/typed/apps/v1beta1/fake
  - kubernetes/typed/authentication/v1
  - kubernetes/typed/authentication/v1/fake
  - kubernetes/typed/authentication/v1beta1
  - kubernetes/typed/authentication/v1beta1/fake
  - kubernetes/typed/authorization/v1
  - kubernetes/typed/authorization/v1/fake
  - kubernetes/typed/authorization/v1beta1
  - kubernetes/typed/authorization/v1beta1/fake
  - kubernetes/typed/autoscaling/v1
  - kubernetes/typed/autoscaling/v1/fake
  - kubernetes/typed/autoscaling/v2alpha1
  - kubernetes/typed/autoscaling/v2alpha1/fake
  - kubernetes/typed/batch/v1
  - kubernetes/typed/batch/v1/fake
  - kubernetes/typed/batch/v2alpha1
  - kubernetes/typed/batch/v2alpha1/fake
  - kubernetes/typed/certificates/v1beta1
  - kubernetes/typed/certificates/v1beta1/fake
  - kubernetes/typed/core/v1
  - kubernetes/typed/core/v1/fake
  - kubernetes/typed/extensions/v1beta1
  - kubernetes/typed/extensions/v1beta1/fake
  - kubernetes/typed/networking/v1
  - kubernetes/typed/networking/v1/fake
  - kubernetes/typed/policy/v1beta1
  - kubernetes/typed/policy/v1beta1/fake
  - kubernetes/typed/rbac/v1alpha1
  - kubernetes/typed/rbac/v1alpha1/fake
  - kubernetes/typed/rbac/v1beta1
  - kubernetes/typed/rbac/v1beta1/fake
  - kubernetes/typed/settings/v1alpha1
  - kubernetes/typed/settings/v1alpha1/fake
  - kubernetes/typed/storage/v1
  - kubernetes/typed/storage/v1/fake
  - kubernetes/typed/storage/v1beta1
  - kubernetes/typed/storage/v1beta1/fake
  - listers/admissionregistration/v1alpha1
  - listers/apps/v1beta1
  - listers/autoscaling/v1
  - listers/autoscaling/v2alpha1
  - listers/batch/v1
  - listers/batch/v2alpha1
  - listers/certificates/v1beta1
  - listers/core/v1
  - listers/extensions/v1beta1
  - listers/networking/v1
  - listers/policy/v1beta1
  - listers/rbac/v1alpha1
  - listers/rbac/v1beta1
  - listers/settings/v1alpha1
  - listers/storage/v1
  - listers/storage/v1beta1
  - pkg/api
  - pkg/api/install
  - pkg/api/v1
  - pkg/api/v1/ref
  - pkg/apis/apps
  - pkg/apis/apps/install
  - pkg/apis/apps/v1beta1
  - pkg/apis/authentication
  - pkg/apis/authentication/install
  - pkg/apis/authentication/v1
  - pkg/apis/authentication/v1beta1
  - pkg/apis/authorization
  - pkg/apis/authorization/install
  - pkg/apis/authorization/v1
  - pkg/apis/authorization/v1beta1
  - pkg/apis/autoscaling
  - pkg/apis/autoscaling/install
  - pkg/apis/autoscaling/v1
  - pkg/apis/autoscaling/v2alpha1
  - pkg/apis/batch
  - pkg/apis/batch/install
  - pkg/apis/batch/v1
  - pkg/apis/batch/v2alpha1
  - pkg/apis/certificates
  - pkg/apis/certificates/install
  - pkg/apis/certificates/v1beta1
  - pkg/apis/extensions
  - pkg/apis/extensions/install
  - pkg/apis/extensions/v1beta1
  - pkg/apis/policy
  - pkg/apis/policy/install
  - pkg/apis/policy/v1beta1
  - pkg/apis/rbac
  - pkg/apis/rbac/install
  - pkg/apis/rbac/v1alpha1
  - pkg/apis/rbac/v1beta1
  - pkg/apis/settings
  - pkg/apis/settings/install
  - pkg/apis/settings/v1alpha1
  - pkg/apis/storage
  - pkg/apis/storage/install
  - pkg/apis/storage/v1
  - pkg/apis/storage/v1beta1
  - pkg/util
  - pkg/util/parsers
  - pkg/version
  - plugin/pkg/client/auth/azure
  - plugin/pkg/client/auth/gcp
  - plugin/pkg/client/auth/oidc
  - rest
  - rest/watch
  - testing
  - third_party/forked/golang/template
  - tools/auth
  - tools/cache
  - tools/clientcmd
  - tools/clientcmd/api
  - tools/clientcmd/api/latest
  - tools/clientcmd/api/v1
  - tools/metrics
  - tools/record
  - transport
  - util/cert
  - util/clock
  - util/exec
  - util/flowcontrol
  - util/homedir
  - util/integer
  - util/jsonpath
  - util/workqueue
testImports:
- name: github.com/elazarl/goproxy
  version: 07b16b6e30fcac0ad8c0435548e743bcf2ca7e92
- name: github.com/facebookgo/structtag
  version: 217e25fb96916cc60332e399c9aa63f5c422ceed
- name: github.com/smartystreets/goconvey
  version: 9e8dc3f972df6c8fcc0375ef492c24d0bb204857
  subpackages:
  - convey
- name: github.com/stretchr/testify
  version: e3a8ff8ce36581f87a15341206f205b1da467059
  subpackages:
  - assert
- name: golang.org/x/sync
  version: f52d1811a62927559de87708c8913c1650ce4f26
  subpackages:
  - errgroup
- name: gopkg.in/check.v1
  version: 64131543e7896d5bcc6bd5a76287eb75ea96c673
