hash: 89bb7e5c0029b7970d34246cd248f5e31520a3cc462672ec6e7a1bb9c5d64ec0
updated: 2017-10-05T15:22:32.152710297+03:00
imports:
- name: github.com/asaskevich/govalidator
  version: 6fcd5b427f532a5d13738b27415e00a49e36ceef
- name: github.com/davecgh/go-spew
  version: 782f4967f2dc4564575ca782fe2d04090b5faca8
  subpackages:
  - spew
- name: github.com/emicklei/go-restful
  version: dc0f94ee75de39d6420e5446b0222490264bb90f
  subpackages:
  - log
- name: github.com/emicklei/go-restful-openapi
  version: efa082cf7dfa43fc8381ca3bfb9ef9a248c5d686
- name: github.com/emicklei/go-restful-swagger12
  version: dcef7f55730566d41eae5db10e7d6981829720f6
- name: github.com/evanphx/json-patch
  version: ba18e35c5c1b36ef6334cad706eb681153d2d379
- name: github.com/fsnotify/fsnotify
  version: 629574ca2a5df945712d3079857300b5e4da0236
- name: github.com/ghodss/yaml
  version: 73d445a93680fa1a78ae23a5839bad48f32ba1ee
- name: github.com/go-kit/kit
  version: fe6fe28ba0d54b39f27e79cddba4911b7e4fffc7
  subpackages:
  - endpoint
  - log
  - transport/http
- name: github.com/go-logfmt/logfmt
  version: 390ab7935ee28ec6b286364bba9b4dd6410cb3d5
- name: github.com/go-openapi/jsonpointer
  version: 46af16f9f7b149af66e5d1bd010e3574dc06de98
- name: github.com/go-openapi/jsonreference
  version: 13c6e3589ad90f49bd3e3bbe2c2cb3d7a4142272
- name: github.com/go-openapi/spec
  version: 48c2a7185575f9103a5a3863eff950bb776899d2
- name: github.com/go-openapi/swag
  version: 1d0bd113de87027671077d3c71eb3ac5d7dbba72
- name: github.com/go-stack/stack
  version: 817915b46b97fd7bb80e8ab6b69f01a53ac3eebf
- name: github.com/gogo/protobuf
  version: c0656edd0d9eab7c66d1eb0c568f9039345796f7
  subpackages:
  - proto
  - sortkeys
- name: github.com/golang/glog
  version: 44145f04b68cf362d9c4df2182967c2275eaefed
- name: github.com/golang/groupcache
  version: 02826c3e79038b59d737d3b1c0a1d937f71a4433
  subpackages:
  - lru
- name: github.com/golang/mock
  version: 2b473a1a899b0c9967501477ec03c71c32550cbe
  subpackages:
  - gomock
- name: github.com/golang/protobuf
  version: 4bd1920723d7b7c925de087aa32e2187708897f7
  subpackages:
  - proto
  - ptypes
  - ptypes/any
  - ptypes/duration
  - ptypes/timestamp
- name: github.com/google/gofuzz
  version: 44d81051d367757e1c7c6a5a86423ece9afcf63c
- name: github.com/googleapis/gnostic
  version: 0c5108395e2debce0d731cf0287ddf7242066aba
  subpackages:
  - OpenAPIv2
  - compiler
  - extensions
- name: github.com/gorilla/websocket
  version: 4201258b820c74ac8e6922fc9e6b52f71fe46f8d
- name: github.com/hashicorp/golang-lru
  version: a0d98a5f288019575c6d1f4bb1573fef2d1fcdc4
  subpackages:
  - simplelru
- name: github.com/howeyc/gopass
  version: bf9dde6d0d2c004a008c27aaee91170c786f6db8
- name: github.com/imdario/mergo
  version: 6633656539c1639d9d78127b7d47c622b5d7b6dc
- name: github.com/jeevatkm/go-model
  version: 00bcf69e10573c4ba261c9842194d07e6d4b50e9
- name: github.com/juju/ratelimit
  version: 5b9ff866471762aa2ab2dced63c9fb6f53921342
- name: github.com/kr/logfmt
  version: b84e30acd515aadc4b783ad4ff83aff3299bdfe0
- name: github.com/libvirt/libvirt-go
  version: 7b2a44de9fd207c2cbc28bdbad20c8279b767553
- name: github.com/mailru/easyjson
  version: d5b7844b561a7bc640052f1b935f7b800330d7e0
  subpackages:
  - buffer
  - jlexer
  - jwriter
- name: github.com/onsi/ginkgo
  version: 11459a886d9cd66b319dac7ef1e917ee221372c9
  subpackages:
  - config
  - extensions/table
  - internal/codelocation
  - internal/containernode
  - internal/failer
  - internal/leafnodes
  - internal/remote
  - internal/spec
  - internal/spec_iterator
  - internal/specrunner
  - internal/suite
  - internal/testingtproxy
  - internal/writer
  - reporters
  - reporters/stenographer
  - reporters/stenographer/support/go-colorable
  - reporters/stenographer/support/go-isatty
  - types
- name: github.com/onsi/gomega
  version: dcabb60a477c2b6f456df65037cb6708210fbb02
  subpackages:
  - format
  - ghttp
  - internal/assertion
  - internal/asyncassertion
  - internal/oraclematcher
  - internal/testingtsupport
  - matchers
  - matchers/support/goraph/bipartitegraph
  - matchers/support/goraph/edge
  - matchers/support/goraph/node
  - matchers/support/goraph/util
  - types
- name: github.com/pborman/uuid
  version: ca53cad383cad2479bbba7f7a1a05797ec1386e4
- name: github.com/PuerkitoBio/purell
  version: 8a290539e2e8629dbc4e6bad948158f790ec31f4
- name: github.com/PuerkitoBio/urlesc
  version: 5bd2802263f21d8788851d5305584c82a5c75d7e
- name: github.com/satori/go.uuid
  version: 5bf94b69c6b68ee1b541973bb8e1144db23a194b
- name: github.com/spf13/pflag
  version: 7aff26db30c1be810f9de5038ec5ef96ac41fd7c
- name: github.com/ugorji/go
  version: ded73eae5db7e7a0ef6f55aace87a2873c5d2b74
  subpackages:
  - codec
- name: golang.org/x/crypto
  version: d172538b2cfce0c13cee31e647d0367aa8cd2486
  subpackages:
  - ssh/terminal
- name: golang.org/x/net
  version: 1c05540f6879653db88113bc4a2b70aec4bd491f
  subpackages:
  - context
  - context/ctxhttp
  - html
  - html/atom
  - html/charset
  - http2
  - http2/hpack
  - idna
  - lex/httplex
- name: golang.org/x/sys
  version: 7a4fde3fda8ef580a89dbae8138c26041be14299
  subpackages:
  - unix
- name: golang.org/x/text
  version: b19bf474d317b857955b12035d2c5acb57ce8b01
  subpackages:
  - cases
  - encoding
  - encoding/charmap
  - encoding/htmlindex
  - encoding/internal
  - encoding/internal/identifier
  - encoding/japanese
  - encoding/korean
  - encoding/simplifiedchinese
  - encoding/traditionalchinese
  - encoding/unicode
  - internal
  - internal/tag
  - internal/utf8internal
  - language
  - runes
  - secure/bidirule
  - secure/precis
  - transform
  - unicode/bidi
  - unicode/norm
  - width
- name: gopkg.in/inf.v0
  version: 3887ee99ecf07df5b447e9b00d9c0b2adaa9f3e4
- name: gopkg.in/ini.v1
  version: 20b96f641a5ea98f2f8619ff4f3e061cff4833bd
- name: gopkg.in/yaml.v2
  version: 53feefa2559fb8dfa8d81baad31be332c97d6c77
- name: k8s.io/api
  version: f30e293246921de7f4ee46bb65b8762b2f890fc4
  subpackages:
  - admissionregistration/v1alpha1
  - apps/v1beta1
  - apps/v1beta2
  - authentication/v1
  - authentication/v1beta1
  - authorization/v1
  - authorization/v1beta1
  - autoscaling/v1
  - autoscaling/v2alpha1
  - batch/v1
  - batch/v1beta1
  - batch/v2alpha1
  - certificates/v1beta1
  - core/v1
  - extensions/v1beta1
  - imagepolicy/v1alpha1
  - networking/v1
  - policy/v1beta1
  - rbac/v1
  - rbac/v1alpha1
  - rbac/v1beta1
  - scheduling/v1alpha1
  - settings/v1alpha1
  - storage/v1
  - storage/v1beta1
- name: k8s.io/apimachinery
  version: 31421d9f8c2d6073628a89b4654fe22aced33167
  subpackages:
  - pkg/api/equality
  - pkg/api/errors
  - pkg/api/meta
  - pkg/api/resource
  - pkg/apimachinery
  - pkg/apimachinery/announced
  - pkg/apimachinery/registered
  - pkg/apis/meta/v1
  - pkg/apis/meta/v1/unstructured
  - pkg/conversion
  - pkg/conversion/queryparams
  - pkg/conversion/unstructured
  - pkg/fields
  - pkg/labels
  - pkg/runtime
  - pkg/runtime/schema
  - pkg/runtime/serializer
  - pkg/runtime/serializer/json
  - pkg/runtime/serializer/protobuf
  - pkg/runtime/serializer/recognizer
  - pkg/runtime/serializer/streaming
  - pkg/runtime/serializer/versioning
  - pkg/selection
  - pkg/types
  - pkg/util/cache
  - pkg/util/clock
  - pkg/util/diff
  - pkg/util/errors
  - pkg/util/framer
  - pkg/util/intstr
  - pkg/util/json
  - pkg/util/mergepatch
  - pkg/util/net
  - pkg/util/rand
  - pkg/util/runtime
  - pkg/util/sets
  - pkg/util/strategicpatch
  - pkg/util/uuid
  - pkg/util/validation
  - pkg/util/validation/field
  - pkg/util/wait
  - pkg/util/yaml
  - pkg/version
  - pkg/watch
  - third_party/forked/golang/json
  - third_party/forked/golang/reflect
- name: k8s.io/client-go
  version: db8228460e2de17f5d3a9a453f61dde0ba86545a
  subpackages:
  - discovery
  - discovery/fake
  - examples/third-party-resources-deprecated/apis/tpr/v1
  - examples/third-party-resources-deprecated/client
  - examples/third-party-resources-deprecated/controller
  - informers/admissionregistration
  - informers/admissionregistration/v1alpha1
  - informers/apps
  - informers/apps/v1beta1
  - informers/autoscaling
  - informers/autoscaling/v1
  - informers/autoscaling/v2alpha1
  - informers/batch
  - informers/batch/v1
  - informers/batch/v2alpha1
  - informers/certificates
  - informers/certificates/v1beta1
  - informers/core
  - informers/core/v1
  - informers/extensions
  - informers/extensions/v1beta1
  - informers/internalinterfaces
  - informers/networking
  - informers/networking/v1
  - informers/policy
  - informers/policy/v1beta1
  - informers/rbac
  - informers/rbac/v1alpha1
  - informers/rbac/v1beta1
  - informers/settings
  - informers/settings/v1alpha1
  - informers/storage
  - informers/storage/v1
  - informers/storage/v1beta1
  - kubernetes
  - kubernetes/fake
  - kubernetes/scheme
  - kubernetes/typed/admissionregistration/v1alpha1
  - kubernetes/typed/admissionregistration/v1alpha1/fake
  - kubernetes/typed/apps/v1beta1
  - kubernetes/typed/apps/v1beta1/fake
  - kubernetes/typed/apps/v1beta2
  - kubernetes/typed/apps/v1beta2/fake
  - kubernetes/typed/authentication/v1
  - kubernetes/typed/authentication/v1/fake
  - kubernetes/typed/authentication/v1beta1
  - kubernetes/typed/authentication/v1beta1/fake
  - kubernetes/typed/authorization/v1
  - kubernetes/typed/authorization/v1/fake
  - kubernetes/typed/authorization/v1beta1
  - kubernetes/typed/authorization/v1beta1/fake
  - kubernetes/typed/autoscaling/v1
  - kubernetes/typed/autoscaling/v1/fake
  - kubernetes/typed/autoscaling/v2alpha1
  - kubernetes/typed/autoscaling/v2alpha1/fake
  - kubernetes/typed/batch/v1
  - kubernetes/typed/batch/v1/fake
  - kubernetes/typed/batch/v1beta1
  - kubernetes/typed/batch/v1beta1/fake
  - kubernetes/typed/batch/v2alpha1
  - kubernetes/typed/batch/v2alpha1/fake
  - kubernetes/typed/certificates/v1beta1
  - kubernetes/typed/certificates/v1beta1/fake
  - kubernetes/typed/core/v1
  - kubernetes/typed/core/v1/fake
  - kubernetes/typed/extensions/v1beta1
  - kubernetes/typed/extensions/v1beta1/fake
  - kubernetes/typed/networking/v1
  - kubernetes/typed/networking/v1/fake
  - kubernetes/typed/policy/v1beta1
  - kubernetes/typed/policy/v1beta1/fake
  - kubernetes/typed/rbac/v1
  - kubernetes/typed/rbac/v1/fake
  - kubernetes/typed/rbac/v1alpha1
  - kubernetes/typed/rbac/v1alpha1/fake
  - kubernetes/typed/rbac/v1beta1
  - kubernetes/typed/rbac/v1beta1/fake
  - kubernetes/typed/scheduling/v1alpha1
  - kubernetes/typed/scheduling/v1alpha1/fake
  - kubernetes/typed/settings/v1alpha1
  - kubernetes/typed/settings/v1alpha1/fake
  - kubernetes/typed/storage/v1
  - kubernetes/typed/storage/v1/fake
  - kubernetes/typed/storage/v1beta1
  - kubernetes/typed/storage/v1beta1/fake
  - listers/admissionregistration/v1alpha1
  - listers/apps/v1beta1
  - listers/autoscaling/v1
  - listers/autoscaling/v2alpha1
  - listers/batch/v1
  - listers/batch/v2alpha1
  - listers/certificates/v1beta1
  - listers/core/v1
  - listers/extensions/v1beta1
  - listers/networking/v1
  - listers/policy/v1beta1
  - listers/rbac/v1alpha1
  - listers/rbac/v1beta1
  - listers/settings/v1alpha1
  - listers/storage/v1
  - listers/storage/v1beta1
  - pkg/api
  - pkg/api/install
  - pkg/api/v1
  - pkg/api/v1/ref
  - pkg/apis/apps
  - pkg/apis/apps/install
  - pkg/apis/apps/v1beta1
  - pkg/apis/authentication
  - pkg/apis/authentication/install
  - pkg/apis/authentication/v1
  - pkg/apis/authentication/v1beta1
  - pkg/apis/authorization
  - pkg/apis/authorization/install
  - pkg/apis/authorization/v1
  - pkg/apis/authorization/v1beta1
  - pkg/apis/autoscaling
  - pkg/apis/autoscaling/install
  - pkg/apis/autoscaling/v1
  - pkg/apis/autoscaling/v2alpha1
  - pkg/apis/batch
  - pkg/apis/batch/install
  - pkg/apis/batch/v1
  - pkg/apis/batch/v2alpha1
  - pkg/apis/certificates
  - pkg/apis/certificates/install
  - pkg/apis/certificates/v1beta1
  - pkg/apis/extensions
  - pkg/apis/extensions/install
  - pkg/apis/extensions/v1beta1
  - pkg/apis/policy
  - pkg/apis/policy/install
  - pkg/apis/policy/v1beta1
  - pkg/apis/rbac
  - pkg/apis/rbac/install
  - pkg/apis/rbac/v1alpha1
  - pkg/apis/rbac/v1beta1
  - pkg/apis/settings
  - pkg/apis/settings/install
  - pkg/apis/settings/v1alpha1
  - pkg/apis/storage
  - pkg/apis/storage/install
  - pkg/apis/storage/v1
  - pkg/apis/storage/v1beta1
  - pkg/util
  - pkg/util/parsers
  - pkg/version
  - plugin/pkg/client/auth/azure
  - plugin/pkg/client/auth/gcp
  - plugin/pkg/client/auth/oidc
  - rest
  - rest/watch
  - testing
  - third_party/forked/golang/template
  - tools/auth
  - tools/cache
  - tools/cache/testing
  - tools/clientcmd
  - tools/clientcmd/api
  - tools/clientcmd/api/latest
  - tools/clientcmd/api/v1
  - tools/metrics
  - tools/record
  - tools/reference
  - transport
  - util/cert
  - util/clock
  - util/exec
  - util/flowcontrol
  - util/homedir
  - util/integer
  - util/jsonpath
  - util/workqueue
- name: k8s.io/kube-openapi
  version: 80f07ef71bb4f781233c65aa8d0369e4ecafab87
  subpackages:
  - pkg/common
testImports:
- name: github.com/elazarl/goproxy
  version: 07b16b6e30fcac0ad8c0435548e743bcf2ca7e92
- name: github.com/facebookgo/structtag
  version: 217e25fb96916cc60332e399c9aa63f5c422ceed
- name: github.com/smartystreets/goconvey
  version: e5b2b7c9111590d019a696c7800593f666e1a7f4
  subpackages:
  - convey
- name: github.com/stretchr/testify
  version: e3a8ff8ce36581f87a15341206f205b1da467059
  subpackages:
  - assert
- name: golang.org/x/sync
  version: 8e0aa688b654ef28caa72506fa5ec8dba9fc7690
  subpackages:
  - errgroup
- name: gopkg.in/check.v1
  version: 64131543e7896d5bcc6bd5a76287eb75ea96c673
